
Microsoft Visual Studio Solution File, Format Version 12.00
# Visual Studio Version 16
VisualStudioVersion = 16.0.29920.165
MinimumVisualStudioVersion = 10.0.40219.1
Project("{FAE04EC0-301F-11D3-BF4B-00C04F79EFBC}") = "Coding Task Csharp", "Coding Task Csharp\Coding Task Csharp.csproj", "{92B2CA3B-D78B-497A-8811-46ABEC33954E}"
EndProject
Global
	GlobalSection(SolutionConfigurationPlatforms) = preSolution
		Debug|Any CPU = Debug|Any CPU
		Release|Any CPU = Release|Any CPU
	EndGlobalSection
	GlobalSection(ProjectConfigurationPlatforms) = postSolution
		{92B2CA3B-D78B-497A-8811-46ABEC33954E}.Debug|Any CPU.ActiveCfg = Debug|Any CPU
		{92B2CA3B-D78B-497A-8811-46ABEC33954E}.Debug|Any CPU.Build.0 = Debug|Any CPU
		{92B2CA3B-D78B-497A-8811-46ABEC33954E}.Release|Any CPU.ActiveCfg = Release|Any CPU
		{92B2CA3B-D78B-497A-8811-46ABEC33954E}.Release|Any CPU.Build.0 = Release|Any CPU
	EndGlobalSection
	GlobalSection(SolutionProperties) = preSolution
		HideSolutionNode = FALSE
	EndGlobalSection
	GlobalSection(ExtensibilityGlobals) = postSolution
		SolutionGuid = {7A015636-EF67-4B9E-BDBB-F361FA008E7A}
	EndGlobalSection
EndGlobal
